// !$*UTF8*$!
{
	archiveVersion = 1;
	classes = {
	};
	objectVersion = 46;
	objects = {

/* Begin PBXBuildFile section */
		4BC86DC91A1FA0A500546A87 /* AppDelegate.swift in Sources */ = {isa = PBXBuildFile; fileRef = 4BC86DC81A1FA0A500546A87 /* AppDelegate.swift */; };
		4BC86DCB1A1FA0A500546A87 /* ViewController.swift in Sources */ = {isa = PBXBuildFile; fileRef = 4BC86DCA1A1FA0A500546A87 /* ViewController.swift */; };
		4BC86DCE1A1FA0A500546A87 /* Main.storyboard in Resources */ = {isa = PBXBuildFile; fileRef = 4BC86DCC1A1FA0A500546A87 /* Main.storyboard */; };
		4BC86DD01A1FA0A500546A87 /* Images.xcassets in Resources */ = {isa = PBXBuildFile; fileRef = 4BC86DCF1A1FA0A500546A87 /* Images.xcassets */; };
		4BC86DD31A1FA0A500546A87 /* LaunchScreen.xib in Resources */ = {isa = PBXBuildFile; fileRef = 4BC86DD11A1FA0A500546A87 /* LaunchScreen.xib */; };
		4BC86DDF1A1FA0A500546A87 /* MDevConTests.swift in Sources */ = {isa = PBXBuildFile; fileRef = 4BC86DDE1A1FA0A500546A87 /* MDevConTests.swift */; };
		4BC86DE91A1FA0BB00546A87 /* Event.swift in Sources */ = {isa = PBXBuildFile; fileRef = 4BC86DE81A1FA0BB00546A87 /* Event.swift */; };
		4BC86DEB1A1FA0E200546A87 /* MDevCon.swift in Sources */ = {isa = PBXBuildFile; fileRef = 4BC86DEA1A1FA0E200546A87 /* MDevCon.swift */; };
/* End PBXBuildFile section */

/* Begin PBXContainerItemProxy section */
		4BC86DD91A1FA0A500546A87 /* PBXContainerItemProxy */ = {
			isa = PBXContainerItemProxy;
			containerPortal = 4BC86DBB1A1FA0A500546A87 /* Project object */;
			proxyType = 1;
			remoteGlobalIDString = 4BC86DC21A1FA0A500546A87;
			remoteInfo = MDevCon;
		};
/* End PBXContainerItemProxy section */

/* Begin PBXFileReference section */
		4BC86DC31A1FA0A500546A87 /* MDevCon.app */ = {isa = PBXFileReference; explicitFileType = wrapper.application; includeInIndex = 0; path = MDevCon.app; sourceTree = BUILT_PRODUCTS_DIR; };
		4BC86DC71A1FA0A500546A87 /* Info.plist */ = {isa = PBXFileReference; lastKnownFileType = text.plist.xml; path = Info.plist; sourceTree = "<group>"; };
		4BC86DC81A1FA0A500546A87 /* AppDelegate.swift */ = {isa = PBXFileReference; lastKnownFileType = sourcecode.swift; path = AppDelegate.swift; sourceTree = "<group>"; };
		4BC86DCA1A1FA0A500546A87 /* ViewController.swift */ = {isa = PBXFileReference; lastKnownFileType = sourcecode.swift; path = ViewController.swift; sourceTree = "<group>"; };
		4BC86DCD1A1FA0A500546A87 /* Base */ = {isa = PBXFileReference; lastKnownFileType = file.storyboard; name = Base; path = Base.lproj/Main.storyboard; sourceTree = "<group>"; };
		4BC86DCF1A1FA0A500546A87 /* Images.xcassets */ = {isa = PBXFileReference; lastKnownFileType = folder.assetcatalog; path = Images.xcassets; sourceTree = "<group>"; };
		4BC86DD21A1FA0A500546A87 /* Base */ = {isa = PBXFileReference; lastKnownFileType = file.xib; name = Base; path = Base.lproj/LaunchScreen.xib; sourceTree = "<group>"; };
		4BC86DD81A1FA0A500546A87 /* MDevConTests.xctest */ = {isa = PBXFileReference; explicitFileType = wrapper.cfbundle; includeInIndex = 0; path = MDevConTests.xctest; sourceTree = BUILT_PRODUCTS_DIR; };
		4BC86DDD1A1FA0A500546A87 /* Info.plist */ = {isa = PBXFileReference; lastKnownFileType = text.plist.xml; path = Info.plist; sourceTree = "<group>"; };
		4BC86DDE1A1FA0A500546A87 /* MDevConTests.swift */ = {isa = PBXFileReference; lastKnownFileType = sourcecode.swift; path = MDevConTests.swift; sourceTree = "<group>"; };
		4BC86DE81A1FA0BB00546A87 /* Event.swift */ = {isa = PBXFileReference; fileEncoding = 4; lastKnownFileType = sourcecode.swift; path = Event.swift; sourceTree = "<group>"; };
		4BC86DEA1A1FA0E200546A87 /* MDevCon.swift */ = {isa = PBXFileReference; fileEncoding = 4; lastKnownFileType = sourcecode.swift; path = MDevCon.swift; sourceTree = "<group>"; };
/* End PBXFileReference section */

/* Begin PBXFrameworksBuildPhase section */
		4BC86DC01A1FA0A500546A87 /* Frameworks */ = {
			isa = PBXFrameworksBuildPhase;
			buildActionMask = 2147483647;
			files = (
			);
			runOnlyForDeploymentPostprocessing = 0;
		};
		4BC86DD51A1FA0A500546A87 /* Frameworks */ = {
			isa = PBXFrameworksBuildPhase;
			buildActionMask = 2147483647;
			files = (
			);
			runOnlyForDeploymentPostprocessing = 0;
		};
/* End PBXFrameworksBuildPhase section */

/* Begin PBXGroup section */
		4BC86DBA1A1FA0A500546A87 = {
			isa = PBXGroup;
			children = (
				4BC86DC51A1FA0A500546A87 /* MDevCon */,
				4BC86DDB1A1FA0A500546A87 /* MDevConTests */,
				4BC86DC41A1FA0A500546A87 /* Products */,
			);
			sourceTree = "<group>";
		};
		4BC86DC41A1FA0A500546A87 /* Products */ = {
			isa = PBXGroup;
			children = (
				4BC86DC31A1FA0A500546A87 /* MDevCon.app */,
				4BC86DD81A1FA0A500546A87 /* MDevConTests.xctest */,
			);
			name = Products;
			sourceTree = "<group>";
		};
		4BC86DC51A1FA0A500546A87 /* MDevCon */ = {
			isa = PBXGroup;
			children = (
				4BC86DC81A1FA0A500546A87 /* AppDelegate.swift */,
				4BC86DCA1A1FA0A500546A87 /* ViewController.swift */,
				4BC86DCC1A1FA0A500546A87 /* Main.storyboard */,
				4BC86DCF1A1FA0A500546A87 /* Images.xcassets */,
				4BC86DD11A1FA0A500546A87 /* LaunchScreen.xib */,
				4BC86DC61A1FA0A500546A87 /* Supporting Files */,
				4BC86DE81A1FA0BB00546A87 /* Event.swift */,
				4BC86DEA1A1FA0E200546A87 /* MDevCon.swift */,
			);
			path = MDevCon;
			sourceTree = "<group>";
		};
		4BC86DC61A1FA0A500546A87 /* Supporting Files */ = {
			isa = PBXGroup;
			children = (
				4BC86DC71A1FA0A500546A87 /* Info.plist */,
			);
			name = "Supporting Files";
			sourceTree = "<group>";
		};
		4BC86DDB1A1FA0A500546A87 /* MDevConTests */ = {
			isa = PBXGroup;
			children = (
				4BC86DDE1A1FA0A500546A87 /* MDevConTests.swift */,
				4BC86DDC1A1FA0A500546A87 /* Supporting Files */,
			);
			path = MDevConTests;
			sourceTree = "<group>";
		};
		4BC86DDC1A1FA0A500546A87 /* Supporting Files */ = {
			isa = PBXGroup;
			children = (
				4BC86DDD1A1FA0A500546A87 /* Info.plist */,
			);
			name = "Supporting Files";
			sourceTree = "<group>";
		};
/* End PBXGroup section */

/* Begin PBXNativeTarget section */
		4BC86DC21A1FA0A500546A87 /* MDevCon */ = {
			isa = PBXNativeTarget;
			buildConfigurationList = 4BC86DE21A1FA0A500546A87 /* Build configuration list for PBXNativeTarget "MDevCon" */;
			buildPhases = (
				4BC86DBF1A1FA0A500546A87 /* Sources */,
				4BC86DC01A1FA0A500546A87 /* Frameworks */,
				4BC86DC11A1FA0A500546A87 /* Resources */,
			);
			buildRules = (
			);
			dependencies = (
			);
			name = MDevCon;
			productName = MDevCon;
			productReference = 4BC86DC31A1FA0A500546A87 /* MDevCon.app */;
			productType = "com.apple.product-type.application";
		};
		4BC86DD71A1FA0A500546A87 /* MDevConTests */ = {
			isa = PBXNativeTarget;
			buildConfigurationList = 4BC86DE51A1FA0A500546A87 /* Build configuration list for PBXNativeTarget "MDevConTests" */;
			buildPhases = (
				4BC86DD41A1FA0A500546A87 /* Sources */,
				4BC86DD51A1FA0A500546A87 /* Frameworks */,
				4BC86DD61A1FA0A500546A87 /* Resources */,
			);
			buildRules = (
			);
			dependencies = (
				4BC86DDA1A1FA0A500546A87 /* PBXTargetDependency */,
			);
			name = MDevConTests;
			productName = MDevConTests;
			productReference = 4BC86DD81A1FA0A500546A87 /* MDevConTests.xctest */;
			productType = "com.apple.product-type.bundle.unit-test";
		};
/* End PBXNativeTarget section */

/* Begin PBXProject section */
		4BC86DBB1A1FA0A500546A87 /* Project object */ = {
			isa = PBXProject;
			attributes = {
				LastUpgradeCheck = 0610;
				ORGANIZATIONNAME = "Berik Visschers";
				TargetAttributes = {
					4BC86DC21A1FA0A500546A87 = {
						CreatedOnToolsVersion = 6.1;
					};
					4BC86DD71A1FA0A500546A87 = {
						CreatedOnToolsVersion = 6.1;
						TestTargetID = 4BC86DC21A1FA0A500546A87;
					};
				};
			};
			buildConfigurationList = 4BC86DBE1A1FA0A500546A87 /* Build configuration list for PBXProject "mdevcon" */;
			compatibilityVersion = "Xcode 3.2";
			developmentRegion = English;
			hasScannedForEncodings = 0;
			knownRegions = (
				en,
				Base,
			);
			mainGroup = 4BC86DBA1A1FA0A500546A87;
			productRefGroup = 4BC86DC41A1FA0A500546A87 /* Products */;
			projectDirPath = "";
			projectRoot = "";
			targets = (
				4BC86DC21A1FA0A500546A87 /* MDevCon */,
				4BC86DD71A1FA0A500546A87 /* MDevConTests */,
			);
		};
/* End PBXProject section */

/* Begin PBXResourcesBuildPhase section */
		4BC86DC11A1FA0A500546A87 /* Resources */ = {
			isa = PBXResourcesBuildPhase;
			buildActionMask = 2147483647;
			files = (
				4BC86DCE1A1FA0A500546A87 /* Main.storyboard in Resources */,
				4BC86DD31A1FA0A500546A87 /* LaunchScreen.xib in Resources */,
				4BC86DD01A1FA0A500546A87 /* Images.xcassets in Resources */,
			);
			runOnlyForDeploymentPostprocessing = 0;
		};
		4BC86DD61A1FA0A500546A87 /* Resources */ = {
			isa = PBXResourcesBuildPhase;
			buildActionMask = 2147483647;
			files = (
			);
			runOnlyForDeploymentPostprocessing = 0;
		};
/* End PBXResourcesBuildPhase section */

/* Begin PBXSourcesBuildPhase section */
		4BC86DBF1A1FA0A500546A87 /* Sources */ = {
			isa = PBXSourcesBuildPhase;
			buildActionMask = 2147483647;
			files = (
				4BC86DEB1A1FA0E200546A87 /* MDevCon.swift in Sources */,
				4BC86DCB1A1FA0A500546A87 /* ViewController.swift in Sources */,
				4BC86DE91A1FA0BB00546A87 /* Event.swift in Sources */,
				4BC86DC91A1FA0A500546A87 /* AppDelegate.swift in Sources */,
			);
			runOnlyForDeploymentPostprocessing = 0;
		};
		4BC86DD41A1FA0A500546A87 /* Sources */ = {
			isa = PBXSourcesBuildPhase;
			buildActionMask = 2147483647;
			files = (
				4BC86DDF1A1FA0A500546A87 /* MDevConTests.swift in Sources */,
			);
			runOnlyForDeploymentPostprocessing = 0;
		};
/* End PBXSourcesBuildPhase section */

/* Begin PBXTargetDependency section */
		4BC86DDA1A1FA0A500546A87 /* PBXTargetDependency */ = {
			isa = PBXTargetDependency;
			target = 4BC86DC21A1FA0A500546A87 /* MDevCon */;
			targetProxy = 4BC86DD91A1FA0A500546A87 /* PBXContainerItemProxy */;
		};
/* End PBXTargetDependency section */

/* Begin PBXVariantGroup section */
		4BC86DCC1A1FA0A500546A87 /* Main.storyboard */ = {
			isa = PBXVariantGroup;
			children = (
				4BC86DCD1A1FA0A500546A87 /* Base */,
			);
			name = Main.storyboard;
			sourceTree = "<group>";
		};
		4BC86DD11A1FA0A500546A87 /* LaunchScreen.xib */ = {
			isa = PBXVariantGroup;
			children = (
				4BC86DD21A1FA0A500546A87 /* Base */,
			);
			name = LaunchScreen.xib;
			sourceTree = "<group>";
		};
/* End PBXVariantGroup section */

/* Begin XCBuildConfiguration section */
		4BC86DE01A1FA0A500546A87 /* Debug */ = {
			isa = XCBuildConfiguration;
			buildSettings = {
				ALWAYS_SEARCH_USER_PATHS = NO;
				CLANG_CXX_LANGUAGE_STANDARD = "gnu++0x";
				CLANG_CXX_LIBRARY = "libc++";
				CLANG_ENABLE_MODULES = YES;
				CLANG_ENABLE_OBJC_ARC = YES;
				CLANG_WARN_BOOL_CONVERSION = YES;
				CLANG_WARN_CONSTANT_CONVERSION = YES;
				CLANG_WARN_DIRECT_OBJC_ISA_USAGE = YES_ERROR;
				CLANG_WARN_EMPTY_BODY = YES;
				CLANG_WARN_ENUM_CONVERSION = YES;
				CLANG_WARN_INT_CONVERSION = YES;
				CLANG_WARN_OBJC_ROOT_CLASS = YES_ERROR;
				CLANG_WARN_UNREACHABLE_CODE = YES;
				CLANG_WARN__DUPLICATE_METHOD_MATCH = YES;
				"CODE_SIGN_IDENTITY[sdk=iphoneos*]" = "iPhone Developer";
				COPY_PHASE_STRIP = NO;
				ENABLE_STRICT_OBJC_MSGSEND = YES;
				GCC_C_LANGUAGE_STANDARD = gnu99;
				GCC_DYNAMIC_NO_PIC = NO;
				GCC_OPTIMIZATION_LEVEL = 0;
				GCC_PREPROCESSOR_DEFINITIONS = (
					"DEBUG=1",
					"$(inherited)",
				);
				GCC_SYMBOLS_PRIVATE_EXTERN = NO;
				GCC_WARN_64_TO_32_BIT_CONVERSION = YES;
				GCC_WARN_ABOUT_RETURN_TYPE = YES_ERROR;
				GCC_WARN_UNDECLARED_SELECTOR = YES;
				GCC_WARN_UNINITIALIZED_AUTOS = YES_AGGRESSIVE;
				GCC_WARN_UNUSED_FUNCTION = YES;
				GCC_WARN_UNUSED_VARIABLE = YES;
				IPHONEOS_DEPLOYMENT_TARGET = 8.1;
				MTL_ENABLE_DEBUG_INFO = YES;
				ONLY_ACTIVE_ARCH = YES;
				SDKROOT = iphoneos;
				SWIFT_OPTIMIZATION_LEVEL = "-Onone";
			};
			name = Debug;
		};
		4BC86DE11A1FA0A500546A87 /* Release */ = {
			isa = XCBuildConfiguration;
			buildSettings = {
				ALWAYS_SEARCH_USER_PATHS = NO;
				CLANG_CXX_LANGUAGE_STANDARD = "gnu++0x";
				CLANG_CXX_LIBRARY = "libc++";
				CLANG_ENABLE_MODULES = YES;
				CLANG_ENABLE_OBJC_ARC = YES;
				CLANG_WARN_BOOL_CONVERSION = YES;
				CLANG_WARN_CONSTANT_CONVERSION = YES;
				CLANG_WARN_DIRECT_OBJC_ISA_USAGE = YES_ERROR;
				CLANG_WARN_EMPTY_BODY = YES;
				CLANG_WARN_ENUM_CONVERSION = YES;
				CLANG_WARN_INT_CONVERSION = YES;
				CLANG_WARN_OBJC_ROOT_CLASS = YES_ERROR;
				CLANG_WARN_UNREACHABLE_CODE = YES;
				CLANG_WARN__DUPLICATE_METHOD_MATCH = YES;
				"CODE_SIGN_IDENTITY[sdk=iphoneos*]" = "iPhone Developer";
				COPY_PHASE_STRIP = YES;
				ENABLE_NS_ASSERTIONS = NO;
				ENABLE_STRICT_OBJC_MSGSEND = YES;
				GCC_C_LANGUAGE_STANDARD = gnu99;
				GCC_WARN_64_TO_32_BIT_CONVERSION = YES;
				GCC_WARN_ABOUT_RETURN_TYPE = YES_ERROR;
				GCC_WARN_UNDECLARED_SELECTOR = YES;
				GCC_WARN_UNINITIALIZED_AUTOS = YES_AGGRESSIVE;
				GCC_WARN_UNUSED_FUNCTION = YES;
				GCC_WARN_UNUSED_VARIABLE = YES;
				IPHONEOS_DEPLOYMENT_TARGET = 8.1;
				MTL_ENABLE_DEBUG_INFO = NO;
				SDKROOT = iphoneos;
				VALIDATE_PRODUCT = YES;
			};
			name = Release;
		};
		4BC86DE31A1FA0A500546A87 /* Debug */ = {
			isa = XCBuildConfiguration;
			buildSettings = {
				ASSETCATALOG_COMPILER_APPICON_NAME = AppIcon;
				INFOPLIST_FILE = MDevCon/Info.plist;
				LD_RUNPATH_SEARCH_PATHS = "$(inherited) @executable_path/Frameworks";
				PRODUCT_NAME = "$(TARGET_NAME)";
			};
			name = Debug;
		};
		4BC86DE41A1FA0A500546A87 /* Release */ = {
			isa = XCBuildConfiguration;
			buildSettings = {
				ASSETCATALOG_COMPILER_APPICON_NAME = AppIcon;
				INFOPLIST_FILE = MDevCon/Info.plist;
				LD_RUNPATH_SEARCH_PATHS = "$(inherited) @executable_path/Frameworks";
				PRODUCT_NAME = "$(TARGET_NAME)";
			};
			name = Release;
		};
		4BC86DE61A1FA0A500546A87 /* Debug */ = {
			isa = XCBuildConfiguration;
			buildSettings = {
				BUNDLE_LOADER = "$(TEST_HOST)";
				FRAMEWORK_SEARCH_PATHS = (
					"$(SDKROOT)/Developer/Library/Frameworks",
					"$(inherited)",
				);
				GCC_PREPROCESSOR_DEFINITIONS = (
					"DEBUG=1",
					"$(inherited)",
				);
				INFOPLIST_FILE = MDevConTests/Info.plist;
				LD_RUNPATH_SEARCH_PATHS = "$(inherited) @executable_path/Frameworks @loader_path/Frameworks";
				PRODUCT_NAME = "$(TARGET_NAME)";
				TEST_HOST = "$(BUILT_PRODUCTS_DIR)/MDevCon.app/MDevCon";
			};
			name = Debug;
		};
		4BC86DE71A1FA0A500546A87 /* Release */ = {
			isa = XCBuildConfiguration;
			buildSettings = {
				BUNDLE_LOADER = "$(TEST_HOST)";
				FRAMEWORK_SEARCH_PATHS = (
					"$(SDKROOT)/Developer/Library/Frameworks",
					"$(inherited)",
				);
				INFOPLIST_FILE = MDevConTests/Info.plist;
				LD_RUNPATH_SEARCH_PATHS = "$(inherited) @executable_path/Frameworks @loader_path/Frameworks";
				PRODUCT_NAME = "$(TARGET_NAME)";
				TEST_HOST = "$(BUILT_PRODUCTS_DIR)/MDevCon.app/MDevCon";
			};
			name = Release;
		};
/* End XCBuildConfiguration section */

/* Begin XCConfigurationList section */
		4BC86DBE1A1FA0A500546A87 /* Build configuration list for PBXProject "mdevcon" */ = {
			isa = XCConfigurationList;
			buildConfigurations = (
				4BC86DE01A1FA0A500546A87 /* Debug */,
				4BC86DE11A1FA0A500546A87 /* Release */,
			);
			defaultConfigurationIsVisible = 0;
			defaultConfigurationName = Release;
		};
		4BC86DE21A1FA0A500546A87 /* Build configuration list for PBXNativeTarget "MDevCon" */ = {
			isa = XCConfigurationList;
			buildConfigurations = (
				4BC86DE31A1FA0A500546A87 /* Debug */,
				4BC86DE41A1FA0A500546A87 /* Release */,
			);
			defaultConfigurationIsVisible = 0;
			defaultConfigurationName = Release;
		};
		4BC86DE51A1FA0A500546A87 /* Build configuration list for PBXNativeTarget "MDevConTests" */ = {
			isa = XCConfigurationList;
			buildConfigurations = (
				4BC86DE61A1FA0A500546A87 /* Debug */,
				4BC86DE71A1FA0A500546A87 /* Release */,
			);
			defaultConfigurationIsVisible = 0;
			defaultConfigurationName = Release;
		};
/* End XCConfigurationList section */
	};
	rootObject = 4BC86DBB1A1FA0A500546A87 /* Project object */;
}
